
Microsoft Visual Studio Solution File, Format Version 12.00
Project("{2150E333-8FDC-42A3-9474-1A3956D46DE8}") = "src", "src", "{5BAD409D-3957-4009-9B05-3DC51A5D33B4}"
EndProject
Project("{2150E333-8FDC-42A3-9474-1A3956D46DE8}") = "test", "test", "{157F59B7-1E06-4AC1-948B-56B61DC2E28E}"
EndProject
Project("{FAE04EC0-301F-11D3-BF4B-00C04F79EFBC}") = "Wolf.Extension.Cache", "src\Wolf.Extension.Cache\Wolf.Extension.Cache.csproj", "{7B305C78-9E40-4F3C-A7D7-51B0E56C8738}"
EndProject
Project("{FAE04EC0-301F-11D3-BF4B-00C04F79EFBC}") = "Wolf.Extension.Cache.Redis", "src\Wolf.Extension.Cache.Redis\Wolf.Extension.Cache.Redis.csproj", "{B7C93922-9410-4B44-9EE9-D839E104F9F2}"
EndProject
Project("{FAE04EC0-301F-11D3-BF4B-00C04F79EFBC}") = "Wolf.Extension.Cache.Abstractions", "src\Wolf.Extension.Cache.Abstractions\Wolf.Extension.Cache.Abstractions.csproj", "{5942A92C-4551-487D-8CE7-D1E6ED65972A}"
EndProject
Project("{FAE04EC0-301F-11D3-BF4B-00C04F79EFBC}") = "Wolf.Extension.Cache.MemoryCache", "src\Wolf.Extension.Cache.MemoryCache\Wolf.Extension.Cache.MemoryCache.csproj", "{D731E9AD-CAA2-49AE-8C59-C3CE06188764}"
EndProject
Project("{FAE04EC0-301F-11D3-BF4B-00C04F79EFBC}") = "Wolf.Extension.Cache.Redis2", "src\Wolf.Extension.Cache.Redis2\Wolf.Extension.Cache.Redis2.csproj", "{3227578E-4C5E-4B2E-9F9A-46681DFCF3B1}"
EndProject
Global
	GlobalSection(SolutionConfigurationPlatforms) = preSolution
		Debug|Any CPU = Debug|Any CPU
		Release|Any CPU = Release|Any CPU
	EndGlobalSection
	GlobalSection(NestedProjects) = preSolution
		{7B305C78-9E40-4F3C-A7D7-51B0E56C8738} = {5BAD409D-3957-4009-9B05-3DC51A5D33B4}
		{B7C93922-9410-4B44-9EE9-D839E104F9F2} = {5BAD409D-3957-4009-9B05-3DC51A5D33B4}
		{5942A92C-4551-487D-8CE7-D1E6ED65972A} = {5BAD409D-3957-4009-9B05-3DC51A5D33B4}
		{D731E9AD-CAA2-49AE-8C59-C3CE06188764} = {5BAD409D-3957-4009-9B05-3DC51A5D33B4}
		{3227578E-4C5E-4B2E-9F9A-46681DFCF3B1} = {5BAD409D-3957-4009-9B05-3DC51A5D33B4}
	EndGlobalSection
	GlobalSection(ProjectConfigurationPlatforms) = postSolution
		{7B305C78-9E40-4F3C-A7D7-51B0E56C8738}.Debug|Any CPU.ActiveCfg = Debug|Any CPU
		{7B305C78-9E40-4F3C-A7D7-51B0E56C8738}.Debug|Any CPU.Build.0 = Debug|Any CPU
		{7B305C78-9E40-4F3C-A7D7-51B0E56C8738}.Release|Any CPU.ActiveCfg = Release|Any CPU
		{7B305C78-9E40-4F3C-A7D7-51B0E56C8738}.Release|Any CPU.Build.0 = Release|Any CPU
		{B7C93922-9410-4B44-9EE9-D839E104F9F2}.Debug|Any CPU.ActiveCfg = Debug|Any CPU
		{B7C93922-9410-4B44-9EE9-D839E104F9F2}.Debug|Any CPU.Build.0 = Debug|Any CPU
		{B7C93922-9410-4B44-9EE9-D839E104F9F2}.Release|Any CPU.ActiveCfg = Release|Any CPU
		{B7C93922-9410-4B44-9EE9-D839E104F9F2}.Release|Any CPU.Build.0 = Release|Any CPU
		{5942A92C-4551-487D-8CE7-D1E6ED65972A}.Debug|Any CPU.ActiveCfg = Debug|Any CPU
		{5942A92C-4551-487D-8CE7-D1E6ED65972A}.Debug|Any CPU.Build.0 = Debug|Any CPU
		{5942A92C-4551-487D-8CE7-D1E6ED65972A}.Release|Any CPU.ActiveCfg = Release|Any CPU
		{5942A92C-4551-487D-8CE7-D1E6ED65972A}.Release|Any CPU.Build.0 = Release|Any CPU
		{D731E9AD-CAA2-49AE-8C59-C3CE06188764}.Debug|Any CPU.ActiveCfg = Debug|Any CPU
		{D731E9AD-CAA2-49AE-8C59-C3CE06188764}.Debug|Any CPU.Build.0 = Debug|Any CPU
		{D731E9AD-CAA2-49AE-8C59-C3CE06188764}.Release|Any CPU.ActiveCfg = Release|Any CPU
		{D731E9AD-CAA2-49AE-8C59-C3CE06188764}.Release|Any CPU.Build.0 = Release|Any CPU
		{3227578E-4C5E-4B2E-9F9A-46681DFCF3B1}.Debug|Any CPU.ActiveCfg = Debug|Any CPU
		{3227578E-4C5E-4B2E-9F9A-46681DFCF3B1}.Debug|Any CPU.Build.0 = Debug|Any CPU
		{3227578E-4C5E-4B2E-9F9A-46681DFCF3B1}.Release|Any CPU.ActiveCfg = Release|Any CPU
		{3227578E-4C5E-4B2E-9F9A-46681DFCF3B1}.Release|Any CPU.Build.0 = Release|Any CPU
	EndGlobalSection
EndGlobal
